
Microsoft Visual Studio Solution File, Format Version 12.00
# Visual Studio 14
VisualStudioVersion = 14.0.24720.0
MinimumVisualStudioVersion = 10.0.40219.1
Project("{FAE04EC0-301F-11D3-BF4B-00C04F79EFBC}") = "TestEdge", "TestEdge\TestEdge.csproj", "{0712B9E7-6519-4CD3-816B-B3F4B21558CB}"
EndProject
Project("{9092AA53-FB77-4645-B42D-1CCCA6BD08BD}") = "NodejsConsoleApp1", "NodejsConsoleApp1\NodejsConsoleApp1.njsproj", "{6D721473-00ED-44C6-A0FE-83979921F062}"
EndProject
Global
	GlobalSection(SolutionConfigurationPlatforms) = preSolution
		Debug|Any CPU = Debug|Any CPU
		Release|Any CPU = Release|Any CPU
	EndGlobalSection
	GlobalSection(ProjectConfigurationPlatforms) = postSolution
		{0712B9E7-6519-4CD3-816B-B3F4B21558CB}.Debug|Any CPU.ActiveCfg = Debug|Any CPU
		{0712B9E7-6519-4CD3-816B-B3F4B21558CB}.Debug|Any CPU.Build.0 = Debug|Any CPU
		{0712B9E7-6519-4CD3-816B-B3F4B21558CB}.Release|Any CPU.ActiveCfg = Release|Any CPU
		{0712B9E7-6519-4CD3-816B-B3F4B21558CB}.Release|Any CPU.Build.0 = Release|Any CPU
		{6D721473-00ED-44C6-A0FE-83979921F062}.Debug|Any CPU.ActiveCfg = Debug|Any CPU
		{6D721473-00ED-44C6-A0FE-83979921F062}.Debug|Any CPU.Build.0 = Debug|Any CPU
		{6D721473-00ED-44C6-A0FE-83979921F062}.Release|Any CPU.ActiveCfg = Release|Any CPU
		{6D721473-00ED-44C6-A0FE-83979921F062}.Release|Any CPU.Build.0 = Release|Any CPU
	EndGlobalSection
	GlobalSection(SolutionProperties) = preSolution
		HideSolutionNode = FALSE
	EndGlobalSection
EndGlobal
